{
    "ankitpokhrel/tus-php": {
        "version": "v1.3.1"
    },
    "brick/math": {
        "version": "0.9.3"
    },
    "guzzlehttp/guzzle": {
        "version": "7.3.0"
    },
    "guzzlehttp/promises": {
        "version": "1.4.1"
    },
    "guzzlehttp/psr7": {
        "version": "2.0.0"
    },
    "nesbot/carbon": {
        "version": "2.53.1"
    },
    "predis/predis": {
        "version": "v1.1.7"
    },
    "psr/http-client": {
        "version": "1.0.1"
    },
    "psr/http-factory": {
        "version": "1.0.1"
    },
    "psr/http-message": {
        "version": "1.0.1"
    },
    "ralouphie/getallheaders": {
        "version": "3.0.3"
    },
    "ramsey/collection": {
        "version": "1.2.1"
    },
    "ramsey/uuid": {
        "version": "4.2.1"
    }
}
