{
    "ankitpokhrel/tus-php": {
        "version": "v2.1.2"
    },
    "brick/math": {
        "version": "0.9.3"
    },
    "guzzlehttp/guzzle": {
        "version": "7.3.0"
    },
    "guzzlehttp/promises": {
        "version": "1.4.1"
    },
    "guzzlehttp/psr7": {
        "version": "2.0.0"
    },
    "nesbot/carbon": {
        "version": "2.53.1"
    },
    "phpunit/php-token-stream": {
        "version": "4.0.4"
    },
    "predis/predis": {
        "version": "v1.1.7"
    },
    "psr/http-client": {
        "version": "1.0.1"
    },
    "psr/http-factory": {
        "version": "1.0.1"
    },
    "psr/http-message": {
        "version": "1.0.1"
    },
    "ralouphie/getallheaders": {
        "version": "3.0.3"
    },
    "ramsey/collection": {
        "version": "1.2.1"
    },
    "ramsey/uuid": {
        "version": "4.2.3"
    },
    "symfony/asset": {
        "version": "v4.4.27"
    },
    "symfony/browser-kit": {
        "version": "v4.4.27"
    },
    "symfony/cache": {
        "version": "v4.4.31"
    },
    "symfony/cache-contracts": {
        "version": "v2.4.0"
    },
    "symfony/config": {
        "version": "v4.4.30"
    },
    "symfony/console": {
        "version": "4.4",
        "recipe": {
            "repo": "github.com/symfony/recipes",
            "branch": "master",
            "version": "4.4",
            "ref": "fd5340d07d4c90504843b53da41525cf42e31f5c"
        },
        "files": [
            "bin/console",
            "config/bootstrap.php"
        ]
    },
    "symfony/css-selector": {
        "version": "v4.4.27"
    },
    "symfony/debug": {
        "version": "v4.4.31"
    },
    "symfony/debug-bundle": {
        "version": "4.1",
        "recipe": {
            "repo": "github.com/symfony/recipes",
            "branch": "master",
            "version": "4.1",
            "ref": "0ce7a032d344fb7b661cd25d31914cd703ad445b"
        },
        "files": [
            "config/packages/dev/debug.yaml"
        ]
    },
    "symfony/dependency-injection": {
        "version": "v4.4.31"
    },
    "symfony/deprecation-contracts": {
        "version": "v2.4.0"
    },
    "symfony/doctrine-bridge": {
        "version": "v4.4.31"
    },
    "symfony/dom-crawler": {
        "version": "v4.4.30"
    },
    "symfony/dotenv": {
        "version": "v4.4.29"
    },
    "symfony/error-handler": {
        "version": "v4.4.30"
    },
    "symfony/event-dispatcher": {
        "version": "v4.4.30"
    },
    "symfony/event-dispatcher-contracts": {
        "version": "v1.1.9"
    },
    "symfony/expression-language": {
        "version": "v4.4.30"
    },
    "symfony/filesystem": {
        "version": "v4.4.27"
    },
    "symfony/finder": {
        "version": "v4.4.30"
    },
    "symfony/form": {
        "version": "v4.4.31"
    },
    "symfony/framework-bundle": {
        "version": "4.4",
        "recipe": {
            "repo": "github.com/symfony/recipes",
            "branch": "master",
            "version": "4.4",
            "ref": "3b9c85f14cad439042f88f94a1fd15fb8ed923c9"
        },
        "files": [
            "config/bootstrap.php",
            "config/packages/cache.yaml",
            "config/packages/framework.yaml",
            "config/packages/test/framework.yaml",
            "config/preload.php",
            "config/routes/dev/framework.yaml",
            "config/services.yaml",
            "public/index.php",
            "src/Controller/.gitignore",
            "src/Kernel.php"
        ]
    },
    "symfony/http-client-contracts": {
        "version": "v2.4.0"
    },
    "symfony/http-foundation": {
        "version": "v4.4.30"
    },
    "symfony/http-kernel": {
        "version": "v4.4.32"
    },
    "symfony/inflector": {
        "version": "v4.4.27"
    },
    "symfony/intl": {
        "version": "v4.4.31"
    },
    "symfony/mime": {
        "version": "v4.4.31"
    },
    "symfony/monolog-bridge": {
        "version": "v4.4.27"
    },
    "symfony/options-resolver": {
        "version": "v4.4.30"
    },
    "symfony/process": {
        "version": "v4.4.30"
    },
    "symfony/property-access": {
        "version": "v4.4.30"
    },
    "symfony/property-info": {
        "version": "v4.4.31"
    },
    "symfony/routing": {
        "version": "4.2",
        "recipe": {
            "repo": "github.com/symfony/recipes",
            "branch": "master",
            "version": "4.2",
            "ref": "683dcb08707ba8d41b7e34adb0344bfd68d248a7"
        },
        "files": [
            "config/packages/prod/routing.yaml",
            "config/packages/routing.yaml",
            "config/routes.yaml"
        ]
    },
    "symfony/security-bundle": {
        "version": "4.4",
        "recipe": {
            "repo": "github.com/symfony/recipes",
            "branch": "master",
            "version": "4.4",
            "ref": "7b4408dc203049666fe23fabed23cbadc6d8440f"
        },
        "files": [
            "config/packages/security.yaml"
        ]
    },
    "symfony/security-core": {
        "version": "v4.4.31"
    },
    "symfony/security-csrf": {
        "version": "v4.4.27"
    },
    "symfony/security-guard": {
        "version": "v4.4.27"
    },
    "symfony/security-http": {
        "version": "v4.4.30"
    },
    "symfony/serializer": {
        "version": "v4.4.31"
    },
    "symfony/service-contracts": {
        "version": "v2.4.0"
    },
    "symfony/stopwatch": {
        "version": "v4.4.27"
    },
    "symfony/templating": {
        "version": "v4.4.30"
    },
    "symfony/translation": {
        "version": "3.3",
        "recipe": {
            "repo": "github.com/symfony/recipes",
            "branch": "master",
            "version": "3.3",
            "ref": "2ad9d2545bce8ca1a863e50e92141f0b9d87ffcd"
        },
        "files": [
            "config/packages/translation.yaml",
            "translations/.gitignore"
        ]
    },
    "symfony/translation-contracts": {
        "version": "v2.4.0"
    },
    "symfony/twig-bridge": {
        "version": "v4.4.27"
    },
    "symfony/twig-bundle": {
        "version": "4.4",
        "recipe": {
            "repo": "github.com/symfony/recipes",
            "branch": "master",
            "version": "4.4",
            "ref": "73baff3f7b3cea12a73812a7cfd2c0924a9e250f"
        },
        "files": [
            "config/packages/test/twig.yaml",
            "config/packages/twig.yaml",
            "templates/base.html.twig"
        ]
    },
    "symfony/validator": {
        "version": "4.3",
        "recipe": {
            "repo": "github.com/symfony/recipes",
            "branch": "master",
            "version": "4.3",
            "ref": "3eb8df139ec05414489d55b97603c5f6ca0c44cb"
        },
        "files": [
            "config/packages/test/validator.yaml",
            "config/packages/validator.yaml"
        ]
    },
    "symfony/var-dumper": {
        "version": "v4.4.31"
    },
    "symfony/var-exporter": {
        "version": "v4.4.31"
    },
    "symfony/web-link": {
        "version": "v4.4.27"
    },
    "symfony/web-profiler-bundle": {
        "version": "3.3",
        "recipe": {
            "repo": "github.com/symfony/recipes",
            "branch": "master",
            "version": "3.3",
            "ref": "6bdfa1a95f6b2e677ab985cd1af2eae35d62e0f6"
        },
        "files": [
            "config/packages/dev/web_profiler.yaml",
            "config/packages/test/web_profiler.yaml",
            "config/routes/dev/web_profiler.yaml"
        ]
    },
    "symfony/yaml": {
        "version": "v4.4.29"
    }
}
